// !$*UTF8*$!
{
	archiveVersion = 1;
	classes = {
	};
	objectVersion = 56;
	objects = {

/* Begin PBXBuildFile section */
		D98192232A02B4A2008B0B02 /* BookmarkManagerProtocol.swift in Sources */ = {isa = PBXBuildFile; fileRef = D98192222A02B4A2008B0B02 /* BookmarkManagerProtocol.swift */; };
		D98192702A0318CF008B0B02 /* BookmarksTableViewCellVM.swift in Sources */ = {isa = PBXBuildFile; fileRef = D981926F2A0318CF008B0B02 /* BookmarksTableViewCellVM.swift */; };
		D9D307D42A0181D100414123 /* AppDelegate.swift in Sources */ = {isa = PBXBuildFile; fileRef = D9D307D32A0181D100414123 /* AppDelegate.swift */; };
		D9D307D62A0181D100414123 /* SceneDelegate.swift in Sources */ = {isa = PBXBuildFile; fileRef = D9D307D52A0181D100414123 /* SceneDelegate.swift */; };
		D9D307D82A0181D100414123 /* GenerateImageVC.swift in Sources */ = {isa = PBXBuildFile; fileRef = D9D307D72A0181D100414123 /* GenerateImageVC.swift */; };
		D9D307DD2A0181D200414123 /* Assets.xcassets in Resources */ = {isa = PBXBuildFile; fileRef = D9D307DC2A0181D200414123 /* Assets.xcassets */; };
		D9D307E02A0181D200414123 /* LaunchScreen.storyboard in Resources */ = {isa = PBXBuildFile; fileRef = D9D307DE2A0181D200414123 /* LaunchScreen.storyboard */; };
		D9D307EB2A0181D300414123 /* AIImageGeneratorTestAppTests.swift in Sources */ = {isa = PBXBuildFile; fileRef = D9D307EA2A0181D300414123 /* AIImageGeneratorTestAppTests.swift */; };
		D9D307F52A0181D300414123 /* AIImageGeneratorTestAppUITests.swift in Sources */ = {isa = PBXBuildFile; fileRef = D9D307F42A0181D300414123 /* AIImageGeneratorTestAppUITests.swift */; };
		D9D307F72A0181D300414123 /* AIImageGeneratorTestAppUITestsLaunchTests.swift in Sources */ = {isa = PBXBuildFile; fileRef = D9D307F62A0181D300414123 /* AIImageGeneratorTestAppUITestsLaunchTests.swift */; };
		D9D308042A01842C00414123 /* TabBarViewController.swift in Sources */ = {isa = PBXBuildFile; fileRef = D9D308032A01842C00414123 /* TabBarViewController.swift */; };
		D9D308062A01845600414123 /* Builder.swift in Sources */ = {isa = PBXBuildFile; fileRef = D9D308052A01845600414123 /* Builder.swift */; };
		D9D3080A2A01849A00414123 /* BuilderProtocol.swift in Sources */ = {isa = PBXBuildFile; fileRef = D9D308092A01849A00414123 /* BuilderProtocol.swift */; };
		D9D3080C2A01896600414123 /* TabBarProtocol.swift in Sources */ = {isa = PBXBuildFile; fileRef = D9D3080B2A01896600414123 /* TabBarProtocol.swift */; };
		D9D308102A0189EE00414123 /* TabBarViewModel.swift in Sources */ = {isa = PBXBuildFile; fileRef = D9D3080F2A0189EE00414123 /* TabBarViewModel.swift */; };
		D9D308122A018A6300414123 /* TabBarViewModelProtocol.swift in Sources */ = {isa = PBXBuildFile; fileRef = D9D308112A018A6300414123 /* TabBarViewModelProtocol.swift */; };
		D9D308142A01A1BD00414123 /* Constants.swift in Sources */ = {isa = PBXBuildFile; fileRef = D9D308132A01A1BD00414123 /* Constants.swift */; };
		D9D308192A01A29700414123 /* NetworkService.swift in Sources */ = {isa = PBXBuildFile; fileRef = D9D308182A01A29700414123 /* NetworkService.swift */; };
		D9D3081D2A01A45000414123 /* ImageModel.swift in Sources */ = {isa = PBXBuildFile; fileRef = D9D3081C2A01A45000414123 /* ImageModel.swift */; };
		D9D3081F2A01A4DB00414123 /* EndPointType.swift in Sources */ = {isa = PBXBuildFile; fileRef = D9D3081E2A01A4DB00414123 /* EndPointType.swift */; };
		D9D308212A01A5BE00414123 /* GenerateImageViewModel.swift in Sources */ = {isa = PBXBuildFile; fileRef = D9D308202A01A5BE00414123 /* GenerateImageViewModel.swift */; };
		D9D308232A01A5F000414123 /* NetworkServiceProtocol.swift in Sources */ = {isa = PBXBuildFile; fileRef = D9D308222A01A5F000414123 /* NetworkServiceProtocol.swift */; };
		D9D308272A01A67400414123 /* GenerateImageViewModelProtocol.swift in Sources */ = {isa = PBXBuildFile; fileRef = D9D308262A01A67400414123 /* GenerateImageViewModelProtocol.swift */; };
		D9D3082A2A01C28900414123 /* BookmarksViewController.swift in Sources */ = {isa = PBXBuildFile; fileRef = D9D308292A01C28900414123 /* BookmarksViewController.swift */; };
		D9D3082C2A01C31E00414123 /* BookmarksTableViewCell.swift in Sources */ = {isa = PBXBuildFile; fileRef = D9D3082B2A01C31E00414123 /* BookmarksTableViewCell.swift */; };
		D9D3082E2A01C40A00414123 /* BookmarksVCViewModelProtocol.swift in Sources */ = {isa = PBXBuildFile; fileRef = D9D3082D2A01C40A00414123 /* BookmarksVCViewModelProtocol.swift */; };
		D9D308312A01C44C00414123 /* BookmarksVCViewModel.swift in Sources */ = {isa = PBXBuildFile; fileRef = D9D308302A01C44C00414123 /* BookmarksVCViewModel.swift */; };
		D9D4CABD2A02953D00E2E44B /* CoreDataService.swift in Sources */ = {isa = PBXBuildFile; fileRef = D9D4CABC2A02953D00E2E44B /* CoreDataService.swift */; };
		D9D4CAC92A0298A300E2E44B /* ImageCoreDataModel+CoreDataClass.swift in Sources */ = {isa = PBXBuildFile; fileRef = D9D4CAC72A0298A300E2E44B /* ImageCoreDataModel+CoreDataClass.swift */; };
		D9D4CACA2A0298A300E2E44B /* ImageCoreDataModel+CoreDataProperties.swift in Sources */ = {isa = PBXBuildFile; fileRef = D9D4CAC82A0298A300E2E44B /* ImageCoreDataModel+CoreDataProperties.swift */; };
		D9F929C52A029B52005C21CB /* AIImageGeneratorTestApp.xcdatamodeld in Sources */ = {isa = PBXBuildFile; fileRef = D9D4CAC42A02981A00E2E44B /* AIImageGeneratorTestApp.xcdatamodeld */; };
		D9F929C82A02A06B005C21CB /* BookmarkManager.swift in Sources */ = {isa = PBXBuildFile; fileRef = D9F929C72A02A06B005C21CB /* BookmarkManager.swift */; };
/* End PBXBuildFile section */

/* Begin PBXContainerItemProxy section */
		D9D307E72A0181D300414123 /* PBXContainerItemProxy */ = {
			isa = PBXContainerItemProxy;
			containerPortal = D9D307C82A0181D000414123 /* Project object */;
			proxyType = 1;
			remoteGlobalIDString = D9D307CF2A0181D000414123;
			remoteInfo = AIImageGeneratorTestApp;
		};
		D9D307F12A0181D300414123 /* PBXContainerItemProxy */ = {
			isa = PBXContainerItemProxy;
			containerPortal = D9D307C82A0181D000414123 /* Project object */;
			proxyType = 1;
			remoteGlobalIDString = D9D307CF2A0181D000414123;
			remoteInfo = AIImageGeneratorTestApp;
		};
/* End PBXContainerItemProxy section */

/* Begin PBXFileReference section */
		D98192222A02B4A2008B0B02 /* BookmarkManagerProtocol.swift */ = {isa = PBXFileReference; lastKnownFileType = sourcecode.swift; path = BookmarkManagerProtocol.swift; sourceTree = "<group>"; };
		D981926F2A0318CF008B0B02 /* BookmarksTableViewCellVM.swift */ = {isa = PBXFileReference; lastKnownFileType = sourcecode.swift; path = BookmarksTableViewCellVM.swift; sourceTree = "<group>"; };
		D9D307D02A0181D100414123 /* AIImageGeneratorTestApp.app */ = {isa = PBXFileReference; explicitFileType = wrapper.application; includeInIndex = 0; path = AIImageGeneratorTestApp.app; sourceTree = BUILT_PRODUCTS_DIR; };
		D9D307D32A0181D100414123 /* AppDelegate.swift */ = {isa = PBXFileReference; lastKnownFileType = sourcecode.swift; path = AppDelegate.swift; sourceTree = "<group>"; };
		D9D307D52A0181D100414123 /* SceneDelegate.swift */ = {isa = PBXFileReference; lastKnownFileType = sourcecode.swift; path = SceneDelegate.swift; sourceTree = "<group>"; };
		D9D307D72A0181D100414123 /* GenerateImageVC.swift */ = {isa = PBXFileReference; lastKnownFileType = sourcecode.swift; path = GenerateImageVC.swift; sourceTree = "<group>"; };
		D9D307DC2A0181D200414123 /* Assets.xcassets */ = {isa = PBXFileReference; lastKnownFileType = folder.assetcatalog; path = Assets.xcassets; sourceTree = "<group>"; };
		D9D307DF2A0181D200414123 /* Base */ = {isa = PBXFileReference; lastKnownFileType = file.storyboard; name = Base; path = Base.lproj/LaunchScreen.storyboard; sourceTree = "<group>"; };
		D9D307E12A0181D200414123 /* Info.plist */ = {isa = PBXFileReference; lastKnownFileType = text.plist.xml; path = Info.plist; sourceTree = "<group>"; };
		D9D307E62A0181D300414123 /* AIImageGeneratorTestAppTests.xctest */ = {isa = PBXFileReference; explicitFileType = wrapper.cfbundle; includeInIndex = 0; path = AIImageGeneratorTestAppTests.xctest; sourceTree = BUILT_PRODUCTS_DIR; };
		D9D307EA2A0181D300414123 /* AIImageGeneratorTestAppTests.swift */ = {isa = PBXFileReference; lastKnownFileType = sourcecode.swift; path = AIImageGeneratorTestAppTests.swift; sourceTree = "<group>"; };
		D9D307F02A0181D300414123 /* AIImageGeneratorTestAppUITests.xctest */ = {isa = PBXFileReference; explicitFileType = wrapper.cfbundle; includeInIndex = 0; path = AIImageGeneratorTestAppUITests.xctest; sourceTree = BUILT_PRODUCTS_DIR; };
		D9D307F42A0181D300414123 /* AIImageGeneratorTestAppUITests.swift */ = {isa = PBXFileReference; lastKnownFileType = sourcecode.swift; path = AIImageGeneratorTestAppUITests.swift; sourceTree = "<group>"; };
		D9D307F62A0181D300414123 /* AIImageGeneratorTestAppUITestsLaunchTests.swift */ = {isa = PBXFileReference; lastKnownFileType = sourcecode.swift; path = AIImageGeneratorTestAppUITestsLaunchTests.swift; sourceTree = "<group>"; };
		D9D308032A01842C00414123 /* TabBarViewController.swift */ = {isa = PBXFileReference; lastKnownFileType = sourcecode.swift; path = TabBarViewController.swift; sourceTree = "<group>"; };
		D9D308052A01845600414123 /* Builder.swift */ = {isa = PBXFileReference; lastKnownFileType = sourcecode.swift; path = Builder.swift; sourceTree = "<group>"; };
		D9D308092A01849A00414123 /* BuilderProtocol.swift */ = {isa = PBXFileReference; lastKnownFileType = sourcecode.swift; path = BuilderProtocol.swift; sourceTree = "<group>"; };
		D9D3080B2A01896600414123 /* TabBarProtocol.swift */ = {isa = PBXFileReference; lastKnownFileType = sourcecode.swift; path = TabBarProtocol.swift; sourceTree = "<group>"; };
		D9D3080F2A0189EE00414123 /* TabBarViewModel.swift */ = {isa = PBXFileReference; lastKnownFileType = sourcecode.swift; path = TabBarViewModel.swift; sourceTree = "<group>"; };
		D9D308112A018A6300414123 /* TabBarViewModelProtocol.swift */ = {isa = PBXFileReference; lastKnownFileType = sourcecode.swift; path = TabBarViewModelProtocol.swift; sourceTree = "<group>"; };
		D9D308132A01A1BD00414123 /* Constants.swift */ = {isa = PBXFileReference; lastKnownFileType = sourcecode.swift; path = Constants.swift; sourceTree = "<group>"; };
		D9D308182A01A29700414123 /* NetworkService.swift */ = {isa = PBXFileReference; lastKnownFileType = sourcecode.swift; path = NetworkService.swift; sourceTree = "<group>"; };
		D9D3081C2A01A45000414123 /* ImageModel.swift */ = {isa = PBXFileReference; lastKnownFileType = sourcecode.swift; path = ImageModel.swift; sourceTree = "<group>"; };
		D9D3081E2A01A4DB00414123 /* EndPointType.swift */ = {isa = PBXFileReference; lastKnownFileType = sourcecode.swift; path = EndPointType.swift; sourceTree = "<group>"; };
		D9D308202A01A5BE00414123 /* GenerateImageViewModel.swift */ = {isa = PBXFileReference; lastKnownFileType = sourcecode.swift; path = GenerateImageViewModel.swift; sourceTree = "<group>"; };
		D9D308222A01A5F000414123 /* NetworkServiceProtocol.swift */ = {isa = PBXFileReference; lastKnownFileType = sourcecode.swift; path = NetworkServiceProtocol.swift; sourceTree = "<group>"; };
		D9D308262A01A67400414123 /* GenerateImageViewModelProtocol.swift */ = {isa = PBXFileReference; lastKnownFileType = sourcecode.swift; path = GenerateImageViewModelProtocol.swift; sourceTree = "<group>"; };
		D9D308292A01C28900414123 /* BookmarksViewController.swift */ = {isa = PBXFileReference; lastKnownFileType = sourcecode.swift; path = BookmarksViewController.swift; sourceTree = "<group>"; };
		D9D3082B2A01C31E00414123 /* BookmarksTableViewCell.swift */ = {isa = PBXFileReference; lastKnownFileType = sourcecode.swift; path = BookmarksTableViewCell.swift; sourceTree = "<group>"; };
		D9D3082D2A01C40A00414123 /* BookmarksVCViewModelProtocol.swift */ = {isa = PBXFileReference; lastKnownFileType = sourcecode.swift; path = BookmarksVCViewModelProtocol.swift; sourceTree = "<group>"; };
		D9D308302A01C44C00414123 /* BookmarksVCViewModel.swift */ = {isa = PBXFileReference; lastKnownFileType = sourcecode.swift; path = BookmarksVCViewModel.swift; sourceTree = "<group>"; };
		D9D4CABC2A02953D00E2E44B /* CoreDataService.swift */ = {isa = PBXFileReference; lastKnownFileType = sourcecode.swift; path = CoreDataService.swift; sourceTree = "<group>"; };
		D9D4CAC52A02981A00E2E44B /* AIImageGeneratorTestApp.xcdatamodel */ = {isa = PBXFileReference; lastKnownFileType = wrapper.xcdatamodel; path = AIImageGeneratorTestApp.xcdatamodel; sourceTree = "<group>"; };
		D9D4CAC72A0298A300E2E44B /* ImageCoreDataModel+CoreDataClass.swift */ = {isa = PBXFileReference; lastKnownFileType = sourcecode.swift; path = "ImageCoreDataModel+CoreDataClass.swift"; sourceTree = "<group>"; };
		D9D4CAC82A0298A300E2E44B /* ImageCoreDataModel+CoreDataProperties.swift */ = {isa = PBXFileReference; lastKnownFileType = sourcecode.swift; path = "ImageCoreDataModel+CoreDataProperties.swift"; sourceTree = "<group>"; };
		D9F929C72A02A06B005C21CB /* BookmarkManager.swift */ = {isa = PBXFileReference; lastKnownFileType = sourcecode.swift; path = BookmarkManager.swift; sourceTree = "<group>"; };
/* End PBXFileReference section */

/* Begin PBXFrameworksBuildPhase section */
		D9D307CD2A0181D000414123 /* Frameworks */ = {
			isa = PBXFrameworksBuildPhase;
			buildActionMask = 2147483647;
			files = (
			);
			runOnlyForDeploymentPostprocessing = 0;
		};
		D9D307E32A0181D300414123 /* Frameworks */ = {
			isa = PBXFrameworksBuildPhase;
			buildActionMask = 2147483647;
			files = (
			);
			runOnlyForDeploymentPostprocessing = 0;
		};
		D9D307ED2A0181D300414123 /* Frameworks */ = {
			isa = PBXFrameworksBuildPhase;
			buildActionMask = 2147483647;
			files = (
			);
			runOnlyForDeploymentPostprocessing = 0;
		};
/* End PBXFrameworksBuildPhase section */

/* Begin PBXGroup section */
		D981926D2A030B0E008B0B02 /* Models */ = {
			isa = PBXGroup;
			children = (
				D9D3081C2A01A45000414123 /* ImageModel.swift */,
			);
			path = Models;
			sourceTree = "<group>";
		};
		D981926E2A030B23008B0B02 /* Protocols */ = {
			isa = PBXGroup;
			children = (
				D98192222A02B4A2008B0B02 /* BookmarkManagerProtocol.swift */,
			);
			path = Protocols;
			sourceTree = "<group>";
		};
		D9D307C72A0181D000414123 = {
			isa = PBXGroup;
			children = (
				D9D307D22A0181D100414123 /* AIImageGeneratorTestApp */,
				D9D307E92A0181D300414123 /* AIImageGeneratorTestAppTests */,
				D9D307F32A0181D300414123 /* AIImageGeneratorTestAppUITests */,
				D9D307D12A0181D100414123 /* Products */,
			);
			sourceTree = "<group>";
		};
		D9D307D12A0181D100414123 /* Products */ = {
			isa = PBXGroup;
			children = (
				D9D307D02A0181D100414123 /* AIImageGeneratorTestApp.app */,
				D9D307E62A0181D300414123 /* AIImageGeneratorTestAppTests.xctest */,
				D9D307F02A0181D300414123 /* AIImageGeneratorTestAppUITests.xctest */,
			);
			name = Products;
			sourceTree = "<group>";
		};
		D9D307D22A0181D100414123 /* AIImageGeneratorTestApp */ = {
			isa = PBXGroup;
			children = (
				D9D308072A01846F00414123 /* Resources */,
				D981926D2A030B0E008B0B02 /* Models */,
				D9D3081A2A01A29C00414123 /* Services */,
				D9D308172A01A25F00414123 /* Modules */,
				D9D308082A01848800414123 /* ModelBuilder */,
				D9D307E12A0181D200414123 /* Info.plist */,
				D9D4CAC42A02981A00E2E44B /* AIImageGeneratorTestApp.xcdatamodeld */,
			);
			path = AIImageGeneratorTestApp;
			sourceTree = "<group>";
		};
		D9D307E92A0181D300414123 /* AIImageGeneratorTestAppTests */ = {
			isa = PBXGroup;
			children = (
				D9D307EA2A0181D300414123 /* AIImageGeneratorTestAppTests.swift */,
			);
			path = AIImageGeneratorTestAppTests;
			sourceTree = "<group>";
		};
		D9D307F32A0181D300414123 /* AIImageGeneratorTestAppUITests */ = {
			isa = PBXGroup;
			children = (
				D9D307F42A0181D300414123 /* AIImageGeneratorTestAppUITests.swift */,
				D9D307F62A0181D300414123 /* AIImageGeneratorTestAppUITestsLaunchTests.swift */,
			);
			path = AIImageGeneratorTestAppUITests;
			sourceTree = "<group>";
		};
		D9D308072A01846F00414123 /* Resources */ = {
			isa = PBXGroup;
			children = (
				D9D308132A01A1BD00414123 /* Constants.swift */,
				D9D307DC2A0181D200414123 /* Assets.xcassets */,
				D9D307DE2A0181D200414123 /* LaunchScreen.storyboard */,
				D9D307D32A0181D100414123 /* AppDelegate.swift */,
				D9D307D52A0181D100414123 /* SceneDelegate.swift */,
			);
			path = Resources;
			sourceTree = "<group>";
		};
		D9D308082A01848800414123 /* ModelBuilder */ = {
			isa = PBXGroup;
			children = (
				D9D308052A01845600414123 /* Builder.swift */,
				D9D308092A01849A00414123 /* BuilderProtocol.swift */,
			);
			path = ModelBuilder;
			sourceTree = "<group>";
		};
		D9D308152A01A22100414123 /* TabBar */ = {
			isa = PBXGroup;
			children = (
				D9D308032A01842C00414123 /* TabBarViewController.swift */,
				D9D3080F2A0189EE00414123 /* TabBarViewModel.swift */,
				D9D308162A01A23300414123 /* Protocols */,
			);
			path = TabBar;
			sourceTree = "<group>";
		};
		D9D308162A01A23300414123 /* Protocols */ = {
			isa = PBXGroup;
			children = (
				D9D3080B2A01896600414123 /* TabBarProtocol.swift */,
				D9D308112A018A6300414123 /* TabBarViewModelProtocol.swift */,
			);
			path = Protocols;
			sourceTree = "<group>";
		};
		D9D308172A01A25F00414123 /* Modules */ = {
			isa = PBXGroup;
			children = (
				D9D3081B2A01A2CB00414123 /* GenerateImageVC */,
				D9D3082F2A01C41C00414123 /* BookmarksVC */,
				D9D308152A01A22100414123 /* TabBar */,
			);
			path = Modules;
			sourceTree = "<group>";
		};
		D9D3081A2A01A29C00414123 /* Services */ = {
			isa = PBXGroup;
			children = (
				D9D308242A01A5F700414123 /* Networking */,
				D9F929CB2A02B471005C21CB /* BookmarkManager */,
				D9D4CABE2A02954200E2E44B /* CoreData */,
			);
			path = Services;
			sourceTree = "<group>";
		};
		D9D3081B2A01A2CB00414123 /* GenerateImageVC */ = {
			isa = PBXGroup;
			children = (
				D9D307D72A0181D100414123 /* GenerateImageVC.swift */,
				D9D308282A01B48F00414123 /* Protocols */,
				D9F929C62A029C3A005C21CB /* ViewModel */,
			);
			path = GenerateImageVC;
			sourceTree = "<group>";
		};
		D9D308242A01A5F700414123 /* Networking */ = {
			isa = PBXGroup;
			children = (
				D9D3081E2A01A4DB00414123 /* EndPointType.swift */,
				D9D308252A01A60F00414123 /* Protocols */,
				D9D308182A01A29700414123 /* NetworkService.swift */,
			);
			path = Networking;
			sourceTree = "<group>";
		};
		D9D308252A01A60F00414123 /* Protocols */ = {
			isa = PBXGroup;
			children = (
				D9D308222A01A5F000414123 /* NetworkServiceProtocol.swift */,
			);
			path = Protocols;
			sourceTree = "<group>";
		};
		D9D308282A01B48F00414123 /* Protocols */ = {
			isa = PBXGroup;
			children = (
				D9D308262A01A67400414123 /* GenerateImageViewModelProtocol.swift */,
			);
			path = Protocols;
			sourceTree = "<group>";
		};
		D9D3082F2A01C41C00414123 /* BookmarksVC */ = {
			isa = PBXGroup;
			children = (
				D9D308292A01C28900414123 /* BookmarksViewController.swift */,
				D9D308332A01C45600414123 /* Protocols */,
				D9D308322A01C45100414123 /* Cells */,
				D9D308302A01C44C00414123 /* BookmarksVCViewModel.swift */,
			);
			path = BookmarksVC;
			sourceTree = "<group>";
		};
		D9D308322A01C45100414123 /* Cells */ = {
			isa = PBXGroup;
			children = (
				D9D3082B2A01C31E00414123 /* BookmarksTableViewCell.swift */,
				D981926F2A0318CF008B0B02 /* BookmarksTableViewCellVM.swift */,
			);
			path = Cells;
			sourceTree = "<group>";
		};
		D9D308332A01C45600414123 /* Protocols */ = {
			isa = PBXGroup;
			children = (
				D9D3082D2A01C40A00414123 /* BookmarksVCViewModelProtocol.swift */,
			);
			path = Protocols;
			sourceTree = "<group>";
		};
		D9D4CABE2A02954200E2E44B /* CoreData */ = {
			isa = PBXGroup;
			children = (
				D9D4CACB2A0298B500E2E44B /* NSManageObjects */,
				D9D4CABC2A02953D00E2E44B /* CoreDataService.swift */,
			);
			path = CoreData;
			sourceTree = "<group>";
		};
		D9D4CACB2A0298B500E2E44B /* NSManageObjects */ = {
			isa = PBXGroup;
			children = (
				D9D4CAC72A0298A300E2E44B /* ImageCoreDataModel+CoreDataClass.swift */,
				D9D4CAC82A0298A300E2E44B /* ImageCoreDataModel+CoreDataProperties.swift */,
			);
			path = NSManageObjects;
			sourceTree = "<group>";
		};
		D9F929C62A029C3A005C21CB /* ViewModel */ = {
			isa = PBXGroup;
			children = (
				D9D308202A01A5BE00414123 /* GenerateImageViewModel.swift */,
			);
			path = ViewModel;
			sourceTree = "<group>";
		};
		D9F929CB2A02B471005C21CB /* BookmarkManager */ = {
			isa = PBXGroup;
			children = (
				D9F929C72A02A06B005C21CB /* BookmarkManager.swift */,
				D981926E2A030B23008B0B02 /* Protocols */,
			);
			path = BookmarkManager;
			sourceTree = "<group>";
		};
/* End PBXGroup section */

/* Begin PBXNativeTarget section */
		D9D307CF2A0181D000414123 /* AIImageGeneratorTestApp */ = {
			isa = PBXNativeTarget;
			buildConfigurationList = D9D307FA2A0181D300414123 /* Build configuration list for PBXNativeTarget "AIImageGeneratorTestApp" */;
			buildPhases = (
				D9D307CC2A0181D000414123 /* Sources */,
				D9D307CD2A0181D000414123 /* Frameworks */,
				D9D307CE2A0181D000414123 /* Resources */,
			);
			buildRules = (
			);
			dependencies = (
			);
			name = AIImageGeneratorTestApp;
			productName = AIImageGeneratorTestApp;
			productReference = D9D307D02A0181D100414123 /* AIImageGeneratorTestApp.app */;
			productType = "com.apple.product-type.application";
		};
		D9D307E52A0181D300414123 /* AIImageGeneratorTestAppTests */ = {
			isa = PBXNativeTarget;
			buildConfigurationList = D9D307FD2A0181D300414123 /* Build configuration list for PBXNativeTarget "AIImageGeneratorTestAppTests" */;
			buildPhases = (
				D9D307E22A0181D300414123 /* Sources */,
				D9D307E32A0181D300414123 /* Frameworks */,
				D9D307E42A0181D300414123 /* Resources */,
			);
			buildRules = (
			);
			dependencies = (
				D9D307E82A0181D300414123 /* PBXTargetDependency */,
			);
			name = AIImageGeneratorTestAppTests;
			productName = AIImageGeneratorTestAppTests;
			productReference = D9D307E62A0181D300414123 /* AIImageGeneratorTestAppTests.xctest */;
			productType = "com.apple.product-type.bundle.unit-test";
		};
		D9D307EF2A0181D300414123 /* AIImageGeneratorTestAppUITests */ = {
			isa = PBXNativeTarget;
			buildConfigurationList = D9D308002A0181D300414123 /* Build configuration list for PBXNativeTarget "AIImageGeneratorTestAppUITests" */;
			buildPhases = (
				D9D307EC2A0181D300414123 /* Sources */,
				D9D307ED2A0181D300414123 /* Frameworks */,
				D9D307EE2A0181D300414123 /* Resources */,
			);
			buildRules = (
			);
			dependencies = (
				D9D307F22A0181D300414123 /* PBXTargetDependency */,
			);
			name = AIImageGeneratorTestAppUITests;
			productName = AIImageGeneratorTestAppUITests;
			productReference = D9D307F02A0181D300414123 /* AIImageGeneratorTestAppUITests.xctest */;
			productType = "com.apple.product-type.bundle.ui-testing";
		};
/* End PBXNativeTarget section */

/* Begin PBXProject section */
		D9D307C82A0181D000414123 /* Project object */ = {
			isa = PBXProject;
			attributes = {
				BuildIndependentTargetsInParallel = 1;
				LastSwiftUpdateCheck = 1420;
				LastUpgradeCheck = 1420;
				TargetAttributes = {
					D9D307CF2A0181D000414123 = {
						CreatedOnToolsVersion = 14.2;
					};
					D9D307E52A0181D300414123 = {
						CreatedOnToolsVersion = 14.2;
						TestTargetID = D9D307CF2A0181D000414123;
					};
					D9D307EF2A0181D300414123 = {
						CreatedOnToolsVersion = 14.2;
						TestTargetID = D9D307CF2A0181D000414123;
					};
				};
			};
			buildConfigurationList = D9D307CB2A0181D000414123 /* Build configuration list for PBXProject "AIImageGeneratorTestApp" */;
			compatibilityVersion = "Xcode 14.0";
			developmentRegion = en;
			hasScannedForEncodings = 0;
			knownRegions = (
				en,
				Base,
			);
			mainGroup = D9D307C72A0181D000414123;
			productRefGroup = D9D307D12A0181D100414123 /* Products */;
			projectDirPath = "";
			projectRoot = "";
			targets = (
				D9D307CF2A0181D000414123 /* AIImageGeneratorTestApp */,
				D9D307E52A0181D300414123 /* AIImageGeneratorTestAppTests */,
				D9D307EF2A0181D300414123 /* AIImageGeneratorTestAppUITests */,
			);
		};
/* End PBXProject section */

/* Begin PBXResourcesBuildPhase section */
		D9D307CE2A0181D000414123 /* Resources */ = {
			isa = PBXResourcesBuildPhase;
			buildActionMask = 2147483647;
			files = (
				D9D307E02A0181D200414123 /* LaunchScreen.storyboard in Resources */,
				D9D307DD2A0181D200414123 /* Assets.xcassets in Resources */,
			);
			runOnlyForDeploymentPostprocessing = 0;
		};
		D9D307E42A0181D300414123 /* Resources */ = {
			isa = PBXResourcesBuildPhase;
			buildActionMask = 2147483647;
			files = (
			);
			runOnlyForDeploymentPostprocessing = 0;
		};
		D9D307EE2A0181D300414123 /* Resources */ = {
			isa = PBXResourcesBuildPhase;
			buildActionMask = 2147483647;
			files = (
			);
			runOnlyForDeploymentPostprocessing = 0;
		};
/* End PBXResourcesBuildPhase section */

/* Begin PBXSourcesBuildPhase section */
		D9D307CC2A0181D000414123 /* Sources */ = {
			isa = PBXSourcesBuildPhase;
			buildActionMask = 2147483647;
			files = (
				D9F929C52A029B52005C21CB /* AIImageGeneratorTestApp.xcdatamodeld in Sources */,
				D98192702A0318CF008B0B02 /* BookmarksTableViewCellVM.swift in Sources */,
				D9D308192A01A29700414123 /* NetworkService.swift in Sources */,
				D9D308122A018A6300414123 /* TabBarViewModelProtocol.swift in Sources */,
				D9D3081F2A01A4DB00414123 /* EndPointType.swift in Sources */,
				D9D308142A01A1BD00414123 /* Constants.swift in Sources */,
				D9D308042A01842C00414123 /* TabBarViewController.swift in Sources */,
				D9D4CAC92A0298A300E2E44B /* ImageCoreDataModel+CoreDataClass.swift in Sources */,
				D9D308102A0189EE00414123 /* TabBarViewModel.swift in Sources */,
				D9D307D82A0181D100414123 /* GenerateImageVC.swift in Sources */,
				D9D4CACA2A0298A300E2E44B /* ImageCoreDataModel+CoreDataProperties.swift in Sources */,
				D9D3082E2A01C40A00414123 /* BookmarksVCViewModelProtocol.swift in Sources */,
				D9D4CABD2A02953D00E2E44B /* CoreDataService.swift in Sources */,
				D9D307D42A0181D100414123 /* AppDelegate.swift in Sources */,
				D9D3081D2A01A45000414123 /* ImageModel.swift in Sources */,
				D9D3080A2A01849A00414123 /* BuilderProtocol.swift in Sources */,
				D9D3080C2A01896600414123 /* TabBarProtocol.swift in Sources */,
				D9D3082C2A01C31E00414123 /* BookmarksTableViewCell.swift in Sources */,
				D9D308272A01A67400414123 /* GenerateImageViewModelProtocol.swift in Sources */,
				D9D307D62A0181D100414123 /* SceneDelegate.swift in Sources */,
				D98192232A02B4A2008B0B02 /* BookmarkManagerProtocol.swift in Sources */,
				D9D308312A01C44C00414123 /* BookmarksVCViewModel.swift in Sources */,
				D9D308062A01845600414123 /* Builder.swift in Sources */,
				D9F929C82A02A06B005C21CB /* BookmarkManager.swift in Sources */,
				D9D308212A01A5BE00414123 /* GenerateImageViewModel.swift in Sources */,
				D9D3082A2A01C28900414123 /* BookmarksViewController.swift in Sources */,
				D9D308232A01A5F000414123 /* NetworkServiceProtocol.swift in Sources */,
			);
			runOnlyForDeploymentPostprocessing = 0;
		};
		D9D307E22A0181D300414123 /* Sources */ = {
			isa = PBXSourcesBuildPhase;
			buildActionMask = 2147483647;
			files = (
				D9D307EB2A0181D300414123 /* AIImageGeneratorTestAppTests.swift in Sources */,
			);
			runOnlyForDeploymentPostprocessing = 0;
		};
		D9D307EC2A0181D300414123 /* Sources */ = {
			isa = PBXSourcesBuildPhase;
			buildActionMask = 2147483647;
			files = (
				D9D307F72A0181D300414123 /* AIImageGeneratorTestAppUITestsLaunchTests.swift in Sources */,
				D9D307F52A0181D300414123 /* AIImageGeneratorTestAppUITests.swift in Sources */,
			);
			runOnlyForDeploymentPostprocessing = 0;
		};
/* End PBXSourcesBuildPhase section */

/* Begin PBXTargetDependency section */
		D9D307E82A0181D300414123 /* PBXTargetDependency */ = {
			isa = PBXTargetDependency;
			target = D9D307CF2A0181D000414123 /* AIImageGeneratorTestApp */;
			targetProxy = D9D307E72A0181D300414123 /* PBXContainerItemProxy */;
		};
		D9D307F22A0181D300414123 /* PBXTargetDependency */ = {
			isa = PBXTargetDependency;
			target = D9D307CF2A0181D000414123 /* AIImageGeneratorTestApp */;
			targetProxy = D9D307F12A0181D300414123 /* PBXContainerItemProxy */;
		};
/* End PBXTargetDependency section */

/* Begin PBXVariantGroup section */
		D9D307DE2A0181D200414123 /* LaunchScreen.storyboard */ = {
			isa = PBXVariantGroup;
			children = (
				D9D307DF2A0181D200414123 /* Base */,
			);
			name = LaunchScreen.storyboard;
			sourceTree = "<group>";
		};
/* End PBXVariantGroup section */

/* Begin XCBuildConfiguration section */
		D9D307F82A0181D300414123 /* Debug */ = {
			isa = XCBuildConfiguration;
			buildSettings = {
				ALWAYS_SEARCH_USER_PATHS = NO;
				CLANG_ANALYZER_NONNULL = YES;
				CLANG_ANALYZER_NUMBER_OBJECT_CONVERSION = YES_AGGRESSIVE;
				CLANG_CXX_LANGUAGE_STANDARD = "gnu++20";
				CLANG_ENABLE_MODULES = YES;
				CLANG_ENABLE_OBJC_ARC = YES;
				CLANG_ENABLE_OBJC_WEAK = YES;
				CLANG_WARN_BLOCK_CAPTURE_AUTORELEASING = YES;
				CLANG_WARN_BOOL_CONVERSION = YES;
				CLANG_WARN_COMMA = YES;
				CLANG_WARN_CONSTANT_CONVERSION = YES;
				CLANG_WARN_DEPRECATED_OBJC_IMPLEMENTATIONS = YES;
				CLANG_WARN_DIRECT_OBJC_ISA_USAGE = YES_ERROR;
				CLANG_WARN_DOCUMENTATION_COMMENTS = YES;
				CLANG_WARN_EMPTY_BODY = YES;
				CLANG_WARN_ENUM_CONVERSION = YES;
				CLANG_WARN_INFINITE_RECURSION = YES;
				CLANG_WARN_INT_CONVERSION = YES;
				CLANG_WARN_NON_LITERAL_NULL_CONVERSION = YES;
				CLANG_WARN_OBJC_IMPLICIT_RETAIN_SELF = YES;
				CLANG_WARN_OBJC_LITERAL_CONVERSION = YES;
				CLANG_WARN_OBJC_ROOT_CLASS = YES_ERROR;
				CLANG_WARN_QUOTED_INCLUDE_IN_FRAMEWORK_HEADER = YES;
				CLANG_WARN_RANGE_LOOP_ANALYSIS = YES;
				CLANG_WARN_STRICT_PROTOTYPES = YES;
				CLANG_WARN_SUSPICIOUS_MOVE = YES;
				CLANG_WARN_UNGUARDED_AVAILABILITY = YES_AGGRESSIVE;
				CLANG_WARN_UNREACHABLE_CODE = YES;
				CLANG_WARN__DUPLICATE_METHOD_MATCH = YES;
				COPY_PHASE_STRIP = NO;
				DEBUG_INFORMATION_FORMAT = dwarf;
				ENABLE_STRICT_OBJC_MSGSEND = YES;
				ENABLE_TESTABILITY = YES;
				GCC_C_LANGUAGE_STANDARD = gnu11;
				GCC_DYNAMIC_NO_PIC = NO;
				GCC_NO_COMMON_BLOCKS = YES;
				GCC_OPTIMIZATION_LEVEL = 0;
				GCC_PREPROCESSOR_DEFINITIONS = (
					"DEBUG=1",
					"$(inherited)",
				);
				GCC_WARN_64_TO_32_BIT_CONVERSION = YES;
				GCC_WARN_ABOUT_RETURN_TYPE = YES_ERROR;
				GCC_WARN_UNDECLARED_SELECTOR = YES;
				GCC_WARN_UNINITIALIZED_AUTOS = YES_AGGRESSIVE;
				GCC_WARN_UNUSED_FUNCTION = YES;
				GCC_WARN_UNUSED_VARIABLE = YES;
				IPHONEOS_DEPLOYMENT_TARGET = 12.0;
				MTL_ENABLE_DEBUG_INFO = INCLUDE_SOURCE;
				MTL_FAST_MATH = YES;
				ONLY_ACTIVE_ARCH = YES;
				SDKROOT = iphoneos;
				SWIFT_ACTIVE_COMPILATION_CONDITIONS = DEBUG;
				SWIFT_OPTIMIZATION_LEVEL = "-Onone";
			};
			name = Debug;
		};
		D9D307F92A0181D300414123 /* Release */ = {
			isa = XCBuildConfiguration;
			buildSettings = {
				ALWAYS_SEARCH_USER_PATHS = NO;
				CLANG_ANALYZER_NONNULL = YES;
				CLANG_ANALYZER_NUMBER_OBJECT_CONVERSION = YES_AGGRESSIVE;
				CLANG_CXX_LANGUAGE_STANDARD = "gnu++20";
				CLANG_ENABLE_MODULES = YES;
				CLANG_ENABLE_OBJC_ARC = YES;
				CLANG_ENABLE_OBJC_WEAK = YES;
				CLANG_WARN_BLOCK_CAPTURE_AUTORELEASING = YES;
				CLANG_WARN_BOOL_CONVERSION = YES;
				CLANG_WARN_COMMA = YES;
				CLANG_WARN_CONSTANT_CONVERSION = YES;
				CLANG_WARN_DEPRECATED_OBJC_IMPLEMENTATIONS = YES;
				CLANG_WARN_DIRECT_OBJC_ISA_USAGE = YES_ERROR;
				CLANG_WARN_DOCUMENTATION_COMMENTS = YES;
				CLANG_WARN_EMPTY_BODY = YES;
				CLANG_WARN_ENUM_CONVERSION = YES;
				CLANG_WARN_INFINITE_RECURSION = YES;
				CLANG_WARN_INT_CONVERSION = YES;
				CLANG_WARN_NON_LITERAL_NULL_CONVERSION = YES;
				CLANG_WARN_OBJC_IMPLICIT_RETAIN_SELF = YES;
				CLANG_WARN_OBJC_LITERAL_CONVERSION = YES;
				CLANG_WARN_OBJC_ROOT_CLASS = YES_ERROR;
				CLANG_WARN_QUOTED_INCLUDE_IN_FRAMEWORK_HEADER = YES;
				CLANG_WARN_RANGE_LOOP_ANALYSIS = YES;
				CLANG_WARN_STRICT_PROTOTYPES = YES;
				CLANG_WARN_SUSPICIOUS_MOVE = YES;
				CLANG_WARN_UNGUARDED_AVAILABILITY = YES_AGGRESSIVE;
				CLANG_WARN_UNREACHABLE_CODE = YES;
				CLANG_WARN__DUPLICATE_METHOD_MATCH = YES;
				COPY_PHASE_STRIP = NO;
				DEBUG_INFORMATION_FORMAT = "dwarf-with-dsym";
				ENABLE_NS_ASSERTIONS = NO;
				ENABLE_STRICT_OBJC_MSGSEND = YES;
				GCC_C_LANGUAGE_STANDARD = gnu11;
				GCC_NO_COMMON_BLOCKS = YES;
				GCC_WARN_64_TO_32_BIT_CONVERSION = YES;
				GCC_WARN_ABOUT_RETURN_TYPE = YES_ERROR;
				GCC_WARN_UNDECLARED_SELECTOR = YES;
				GCC_WARN_UNINITIALIZED_AUTOS = YES_AGGRESSIVE;
				GCC_WARN_UNUSED_FUNCTION = YES;
				GCC_WARN_UNUSED_VARIABLE = YES;
				IPHONEOS_DEPLOYMENT_TARGET = 12.0;
				MTL_ENABLE_DEBUG_INFO = NO;
				MTL_FAST_MATH = YES;
				SDKROOT = iphoneos;
				SWIFT_COMPILATION_MODE = wholemodule;
				SWIFT_OPTIMIZATION_LEVEL = "-O";
				VALIDATE_PRODUCT = YES;
			};
			name = Release;
		};
		D9D307FB2A0181D300414123 /* Debug */ = {
			isa = XCBuildConfiguration;
			buildSettings = {
				ASSETCATALOG_COMPILER_APPICON_NAME = AppIcon;
				ASSETCATALOG_COMPILER_GLOBAL_ACCENT_COLOR_NAME = AccentColor;
				CODE_SIGN_STYLE = Automatic;
				CURRENT_PROJECT_VERSION = 1;
				DEVELOPMENT_TEAM = W3W6QQKF4D;
				GENERATE_INFOPLIST_FILE = YES;
				INFOPLIST_FILE = AIImageGeneratorTestApp/Info.plist;
				INFOPLIST_KEY_UIApplicationSupportsIndirectInputEvents = YES;
				INFOPLIST_KEY_UILaunchStoryboardName = LaunchScreen;
				INFOPLIST_KEY_UISupportedInterfaceOrientations = UIInterfaceOrientationPortrait;
				INFOPLIST_KEY_UISupportedInterfaceOrientations_iPad = "UIInterfaceOrientationLandscapeLeft UIInterfaceOrientationLandscapeRight UIInterfaceOrientationPortrait UIInterfaceOrientationPortraitUpsideDown";
				IPHONEOS_DEPLOYMENT_TARGET = 12.0;
				LD_RUNPATH_SEARCH_PATHS = (
					"$(inherited)",
					"@executable_path/Frameworks",
				);
				MARKETING_VERSION = 1.0;
				PRODUCT_BUNDLE_IDENTIFIER = kudr7k.AIImageGeneratorTestApp;
				PRODUCT_NAME = "$(TARGET_NAME)";
				SWIFT_EMIT_LOC_STRINGS = YES;
				SWIFT_VERSION = 5.0;
				TARGETED_DEVICE_FAMILY = "1,2";
			};
			name = Debug;
		};
		D9D307FC2A0181D300414123 /* Release */ = {
			isa = XCBuildConfiguration;
			buildSettings = {
				ASSETCATALOG_COMPILER_APPICON_NAME = AppIcon;
				ASSETCATALOG_COMPILER_GLOBAL_ACCENT_COLOR_NAME = AccentColor;
				CODE_SIGN_STYLE = Automatic;
				CURRENT_PROJECT_VERSION = 1;
				DEVELOPMENT_TEAM = W3W6QQKF4D;
				GENERATE_INFOPLIST_FILE = YES;
				INFOPLIST_FILE = AIImageGeneratorTestApp/Info.plist;
				INFOPLIST_KEY_UIApplicationSupportsIndirectInputEvents = YES;
				INFOPLIST_KEY_UILaunchStoryboardName = LaunchScreen;
				INFOPLIST_KEY_UISupportedInterfaceOrientations = UIInterfaceOrientationPortrait;
				INFOPLIST_KEY_UISupportedInterfaceOrientations_iPad = "UIInterfaceOrientationLandscapeLeft UIInterfaceOrientationLandscapeRight UIInterfaceOrientationPortrait UIInterfaceOrientationPortraitUpsideDown";
				IPHONEOS_DEPLOYMENT_TARGET = 12.0;
				LD_RUNPATH_SEARCH_PATHS = (
					"$(inherited)",
					"@executable_path/Frameworks",
				);
				MARKETING_VERSION = 1.0;
				PRODUCT_BUNDLE_IDENTIFIER = kudr7k.AIImageGeneratorTestApp;
				PRODUCT_NAME = "$(TARGET_NAME)";
				SWIFT_EMIT_LOC_STRINGS = YES;
				SWIFT_VERSION = 5.0;
				TARGETED_DEVICE_FAMILY = "1,2";
			};
			name = Release;
		};
		D9D307FE2A0181D300414123 /* Debug */ = {
			isa = XCBuildConfiguration;
			buildSettings = {
				ALWAYS_EMBED_SWIFT_STANDARD_LIBRARIES = YES;
				BUNDLE_LOADER = "$(TEST_HOST)";
				CODE_SIGN_STYLE = Automatic;
				CURRENT_PROJECT_VERSION = 1;
				DEVELOPMENT_TEAM = W3W6QQKF4D;
				GENERATE_INFOPLIST_FILE = YES;
				IPHONEOS_DEPLOYMENT_TARGET = 16.2;
				MARKETING_VERSION = 1.0;
				PRODUCT_BUNDLE_IDENTIFIER = kudr7k.AIImageGeneratorTestAppTests;
				PRODUCT_NAME = "$(TARGET_NAME)";
				SWIFT_EMIT_LOC_STRINGS = NO;
				SWIFT_VERSION = 5.0;
				TARGETED_DEVICE_FAMILY = "1,2";
				TEST_HOST = "$(BUILT_PRODUCTS_DIR)/AIImageGeneratorTestApp.app/$(BUNDLE_EXECUTABLE_FOLDER_PATH)/AIImageGeneratorTestApp";
			};
			name = Debug;
		};
		D9D307FF2A0181D300414123 /* Release */ = {
			isa = XCBuildConfiguration;
			buildSettings = {
				ALWAYS_EMBED_SWIFT_STANDARD_LIBRARIES = YES;
				BUNDLE_LOADER = "$(TEST_HOST)";
				CODE_SIGN_STYLE = Automatic;
				CURRENT_PROJECT_VERSION = 1;
				DEVELOPMENT_TEAM = W3W6QQKF4D;
				GENERATE_INFOPLIST_FILE = YES;
				IPHONEOS_DEPLOYMENT_TARGET = 16.2;
				MARKETING_VERSION = 1.0;
				PRODUCT_BUNDLE_IDENTIFIER = kudr7k.AIImageGeneratorTestAppTests;
				PRODUCT_NAME = "$(TARGET_NAME)";
				SWIFT_EMIT_LOC_STRINGS = NO;
				SWIFT_VERSION = 5.0;
				TARGETED_DEVICE_FAMILY = "1,2";
				TEST_HOST = "$(BUILT_PRODUCTS_DIR)/AIImageGeneratorTestApp.app/$(BUNDLE_EXECUTABLE_FOLDER_PATH)/AIImageGeneratorTestApp";
			};
			name = Release;
		};
		D9D308012A0181D300414123 /* Debug */ = {
			isa = XCBuildConfiguration;
			buildSettings = {
				ALWAYS_EMBED_SWIFT_STANDARD_LIBRARIES = YES;
				CODE_SIGN_STYLE = Automatic;
				CURRENT_PROJECT_VERSION = 1;
				DEVELOPMENT_TEAM = W3W6QQKF4D;
				GENERATE_INFOPLIST_FILE = YES;
				MARKETING_VERSION = 1.0;
				PRODUCT_BUNDLE_IDENTIFIER = kudr7k.AIImageGeneratorTestAppUITests;
				PRODUCT_NAME = "$(TARGET_NAME)";
				SWIFT_EMIT_LOC_STRINGS = NO;
				SWIFT_VERSION = 5.0;
				TARGETED_DEVICE_FAMILY = "1,2";
				TEST_TARGET_NAME = AIImageGeneratorTestApp;
			};
			name = Debug;
		};
		D9D308022A0181D300414123 /* Release */ = {
			isa = XCBuildConfiguration;
			buildSettings = {
				ALWAYS_EMBED_SWIFT_STANDARD_LIBRARIES = YES;
				CODE_SIGN_STYLE = Automatic;
				CURRENT_PROJECT_VERSION = 1;
				DEVELOPMENT_TEAM = W3W6QQKF4D;
				GENERATE_INFOPLIST_FILE = YES;
				MARKETING_VERSION = 1.0;
				PRODUCT_BUNDLE_IDENTIFIER = kudr7k.AIImageGeneratorTestAppUITests;
				PRODUCT_NAME = "$(TARGET_NAME)";
				SWIFT_EMIT_LOC_STRINGS = NO;
				SWIFT_VERSION = 5.0;
				TARGETED_DEVICE_FAMILY = "1,2";
				TEST_TARGET_NAME = AIImageGeneratorTestApp;
			};
			name = Release;
		};
/* End XCBuildConfiguration section */

/* Begin XCConfigurationList section */
		D9D307CB2A0181D000414123 /* Build configuration list for PBXProject "AIImageGeneratorTestApp" */ = {
			isa = XCConfigurationList;
			buildConfigurations = (
				D9D307F82A0181D300414123 /* Debug */,
				D9D307F92A0181D300414123 /* Release */,
			);
			defaultConfigurationIsVisible = 0;
			defaultConfigurationName = Release;
		};
		D9D307FA2A0181D300414123 /* Build configuration list for PBXNativeTarget "AIImageGeneratorTestApp" */ = {
			isa = XCConfigurationList;
			buildConfigurations = (
				D9D307FB2A0181D300414123 /* Debug */,
				D9D307FC2A0181D300414123 /* Release */,
			);
			defaultConfigurationIsVisible = 0;
			defaultConfigurationName = Release;
		};
		D9D307FD2A0181D300414123 /* Build configuration list for PBXNativeTarget "AIImageGeneratorTestAppTests" */ = {
			isa = XCConfigurationList;
			buildConfigurations = (
				D9D307FE2A0181D300414123 /* Debug */,
				D9D307FF2A0181D300414123 /* Release */,
			);
			defaultConfigurationIsVisible = 0;
			defaultConfigurationName = Release;
		};
		D9D308002A0181D300414123 /* Build configuration list for PBXNativeTarget "AIImageGeneratorTestAppUITests" */ = {
			isa = XCConfigurationList;
			buildConfigurations = (
				D9D308012A0181D300414123 /* Debug */,
				D9D308022A0181D300414123 /* Release */,
			);
			defaultConfigurationIsVisible = 0;
			defaultConfigurationName = Release;
		};
/* End XCConfigurationList section */

/* Begin XCVersionGroup section */
		D9D4CAC42A02981A00E2E44B /* AIImageGeneratorTestApp.xcdatamodeld */ = {
			isa = XCVersionGroup;
			children = (
				D9D4CAC52A02981A00E2E44B /* AIImageGeneratorTestApp.xcdatamodel */,
			);
			currentVersion = D9D4CAC52A02981A00E2E44B /* AIImageGeneratorTestApp.xcdatamodel */;
			path = AIImageGeneratorTestApp.xcdatamodeld;
			sourceTree = "<group>";
			versionGroupType = wrapper.xcdatamodel;
		};
/* End XCVersionGroup section */
	};
	rootObject = D9D307C82A0181D000414123 /* Project object */;
}
